{
  "nodes": {
    "nixos-artwork": {
      "flake": false,
      "locked": {
        "lastModified": 1738002455,
        "narHash": "sha256-VIrSOBCCNq6Fc0dS7XMtC1VebnjRvIUi0/kPal2gWcU=",
        "owner": "nixos",
        "repo": "nixos-artwork",
        "rev": "33856d7837cb8ba76c4fc9e26f91a659066ee31f",
        "type": "github"
      },
      "original": {
        "owner": "nixos",
        "repo": "nixos-artwork",
        "type": "github"
      }
    },
    "nixpkgs": {
      "locked": {
        "lastModified": 1744463964,
        "narHash": "sha256-LWqduOgLHCFxiTNYi3Uj5Lgz0SR+Xhw3kr/3Xd0GPTM=",
        "owner": "nixos",
        "repo": "nixpkgs",
        "rev": "2631b0b7abcea6e640ce31cd78ea58910d31e650",
        "type": "github"
      },
      "original": {
        "owner": "nixos",
        "ref": "nixos-unstable",
        "repo": "nixpkgs",
        "type": "github"
      }
    },
    "root": {
      "inputs": {
        "nixos-artwork": "nixos-artwork",
        "nixpkgs": "nixpkgs"
      }
    }
  },
  "root": "root",
  "version": 7
}
